<?xml version="1.0" encoding="utf-8"?>
<Project ToolsVersion="4.0" xmlns="http://schemas.microsoft.com/developer/msbuild/2003">
  <ItemGroup>
    <Filter Include="Source Files">
      <UniqueIdentifier>{4FC737F1-C7A5-4376-A066-2A32D752A2FF}</UniqueIdentifier>
      <Extensions>cpp;c;cc;cxx;def;odl;idl;hpj;bat;asm;asmx</Extensions>
    </Filter>
    <Filter Include="Header Files">
      <UniqueIdentifier>{93995380-89BD-4b04-88EB-625FBE52EBFB}</UniqueIdentifier>
      <Extensions>h;hpp;hxx;hm;inl;inc;xsd</Extensions>
    </Filter>
    <Filter Include="Resource Files">
      <UniqueIdentifier>{67DA6AB6-F800-4c08-8B7A-83BB121AAD01}</UniqueIdentifier>
      <Extensions>rc;ico;cur;bmp;dlg;rc2;rct;bin;rgs;gif;jpg;jpeg;jpe;resx;tiff;tif;png;wav;mfcribbon-ms</Extensions>
    </Filter>
    <Filter Include="Header Files\algorithm">
      <UniqueIdentifier>{f87f0a13-772c-4135-936f-f98583a5b7f2}</UniqueIdentifier>
    </Filter>
    <Filter Include="Header Files\utility">
      <UniqueIdentifier>{a46c63d4-ad02-4b7f-b8a4-caf55c25c2b5}</UniqueIdentifier>
    </Filter>
    <Filter Include="Header Files\view">
      <UniqueIdentifier>{1f2a27ab-42a7-4938-911a-25fa526b2316}</UniqueIdentifier>
    </Filter>
    <Filter Include="Doc Files">
      <UniqueIdentifier>{675985ce-8f00-458c-8f93-c8f8d422af97}</UniqueIdentifier>
    </Filter>
    <Filter Include="Header Files\detail">
      <UniqueIdentifier>{66529b85-f87c-4a81-9969-20ddd8e909fe}</UniqueIdentifier>
    </Filter>
    <Filter Include="Test Files">
      <UniqueIdentifier>{9a4f9301-d571-4f84-b014-c091b7b12f56}</UniqueIdentifier>
    </Filter>
    <Filter Include="Test Files\algorithm">
      <UniqueIdentifier>{eb8a4ce2-02a7-4890-b180-6e98d60feffc}</UniqueIdentifier>
    </Filter>
    <Filter Include="Test Files\utility">
      <UniqueIdentifier>{bc20a12e-16d2-47f0-912b-1ae5a7ccc86c}</UniqueIdentifier>
    </Filter>
    <Filter Include="Test Files\view">
      <UniqueIdentifier>{a71f57e8-040b-4b94-9274-da06b6289cdb}</UniqueIdentifier>
    </Filter>
    <Filter Include="Header Files\algorithm\aux_">
      <UniqueIdentifier>{21f9047f-a75e-409c-a808-8a11eb973cda}</UniqueIdentifier>
    </Filter>
    <Filter Include="Example Files">
      <UniqueIdentifier>{9d51143b-26a0-4529-b451-017ddeb46b48}</UniqueIdentifier>
    </Filter>
    <Filter Include="Test Files\numeric">
      <UniqueIdentifier>{5cf1974c-3872-470c-ae7d-4c35564d8e15}</UniqueIdentifier>
    </Filter>
    <Filter Include="Header Files\numeric">
      <UniqueIdentifier>{03fb638e-a787-4e62-993a-26df0f4b37f5}</UniqueIdentifier>
    </Filter>
    <Filter Include="Perf Files">
      <UniqueIdentifier>{bc20ee0b-7da9-4870-b4cb-f5ce78da09d1}</UniqueIdentifier>
    </Filter>
    <Filter Include="Header Files\container">
      <UniqueIdentifier>{2456fa98-8da1-453c-b4c6-c9f27829403e}</UniqueIdentifier>
    </Filter>
    <Filter Include="Test Files\container">
      <UniqueIdentifier>{3b424817-1846-4df2-94a1-699cce48b60a}</UniqueIdentifier>
    </Filter>
  </ItemGroup>
  <ItemGroup>
    <None Include="..\..\..\..\.gitignore" />
    <None Include="..\..\..\..\LICENSE" />
    <None Include="..\..\..\..\README.md" />
    <None Include="..\..\..\..\boost-build.jam" />
    <None Include="..\..\..\..\Jamfile" />
    <None Include="..\..\..\..\Jamroot" />
    <None Include="Jamfile">
      <Filter>Source Files</Filter>
    </None>
    <None Include="Makefile">
      <Filter>Source Files</Filter>
    </None>
    <None Include="..\doc\ranges.qbk">
      <Filter>Doc Files</Filter>
    </None>
    <None Include="..\doc\Jamfile">
      <Filter>Doc Files</Filter>
    </None>
    <None Include="..\..\..\..\.travis.yml" />
    <None Include="..\..\..\..\doc\D4128.md">
      <Filter>Doc Files</Filter>
    </None>
    <None Include="..\..\..\..\TODO.md" />
    <None Include="..\..\..\..\doc\header.html">
      <Filter>Doc Files</Filter>
    </None>
    <None Include="..\..\..\..\doc\pandoc-template.html">
      <Filter>Doc Files</Filter>
    </None>
    <None Include="..\..\..\..\doc\show.cmd">
      <Filter>Doc Files</Filter>
    </None>
  </ItemGroup>
  <ItemGroup>
    <ClCompile Include="range.cpp">
      <Filter>Source Files</Filter>
    </ClCompile>
    <ClCompile Include="..\..\..\..\test\algorithm\all_of.cpp">
      <Filter>Test Files\algorithm</Filter>
    </ClCompile>
    <ClCompile Include="..\..\..\..\test\algorithm\for_each.cpp">
      <Filter>Test Files\algorithm</Filter>
    </ClCompile>
    <ClCompile Include="..\..\..\..\test\algorithm\adjacent_find.cpp">
      <Filter>Test Files\algorithm</Filter>
    </ClCompile>
    <ClCompile Include="..\..\..\..\test\algorithm\lower_bound.cpp">
      <Filter>Test Files\algorithm</Filter>
    </ClCompile>
    <ClCompile Include="..\..\..\..\test\algorithm\binary_search.cpp">
      <Filter>Test Files\algorithm</Filter>
    </ClCompile>
    <ClCompile Include="..\..\..\..\test\algorithm\copy.cpp">
      <Filter>Test Files\algorithm</Filter>
    </ClCompile>
    <ClCompile Include="..\..\..\..\test\utility\concepts.cpp">
      <Filter>Test Files\utility</Filter>
    </ClCompile>
    <ClCompile Include="..\..\..\..\test\view\indirect.cpp">
      <Filter>Test Files\view</Filter>
    </ClCompile>
    <ClCompile Include="..\..\..\..\test\view\keys_value.cpp">
      <Filter>Test Files\view</Filter>
    </ClCompile>
    <ClCompile Include="..\..\..\..\test\view\replace.cpp">
      <Filter>Test Files\view</Filter>
    </ClCompile>
    <ClCompile Include="..\..\..\..\test\view\replace_if.cpp">
      <Filter>Test Files\view</Filter>
    </ClCompile>
    <ClCompile Include="..\..\..\..\test\view\slice.cpp">
      <Filter>Test Files\view</Filter>
    </ClCompile>
    <ClCompile Include="..\..\..\..\test\view\adjacent_filter.cpp">
      <Filter>Test Files\view</Filter>
    </ClCompile>
    <ClCompile Include="..\..\..\..\test\view\unique.cpp">
      <Filter>Test Files\view</Filter>
    </ClCompile>
    <ClCompile Include="..\..\..\..\test\view\zip.cpp">
      <Filter>Test Files\view</Filter>
    </ClCompile>
    <ClCompile Include="..\..\..\..\test\view\move.cpp">
      <Filter>Test Files\view</Filter>
    </ClCompile>
    <ClCompile Include="..\..\..\..\test\view\delimit.cpp">
      <Filter>Test Files\view</Filter>
    </ClCompile>
    <ClCompile Include="..\..\..\..\test\view\repeat.cpp">
      <Filter>Test Files\view</Filter>
    </ClCompile>
    <ClCompile Include="..\..\..\..\test\range_facade.cpp">
      <Filter>Test Files</Filter>
    </ClCompile>
    <ClCompile Include="..\..\..\..\test\range_adaptor.cpp">
      <Filter>Test Files</Filter>
    </ClCompile>
    <ClCompile Include="..\..\..\..\test\view\counted.cpp">
      <Filter>Test Files\view</Filter>
    </ClCompile>
    <ClCompile Include="..\..\..\..\test\algorithm\copy_backward.cpp">
      <Filter>Test Files\algorithm</Filter>
    </ClCompile>
    <ClCompile Include="..\..\..\..\test\algorithm\upper_bound.cpp">
      <Filter>Test Files\algorithm</Filter>
    </ClCompile>
    <ClCompile Include="..\..\..\..\test\algorithm\merge.cpp">
      <Filter>Test Files\algorithm</Filter>
    </ClCompile>
    <ClCompile Include="..\..\..\..\test\algorithm\rotate.cpp">
      <Filter>Test Files\algorithm</Filter>
    </ClCompile>
    <ClCompile Include="..\..\..\..\test\algorithm\find.cpp">
      <Filter>Test Files\algorithm</Filter>
    </ClCompile>
    <ClCompile Include="..\..\..\..\test\algorithm\find_if.cpp">
      <Filter>Test Files\algorithm</Filter>
    </ClCompile>
    <ClCompile Include="..\..\..\..\test\algorithm\find_end.cpp">
      <Filter>Test Files\algorithm</Filter>
    </ClCompile>
    <ClCompile Include="..\..\..\..\test\algorithm\count.cpp">
      <Filter>Test Files\algorithm</Filter>
    </ClCompile>
    <ClCompile Include="..\..\..\..\test\algorithm\count_if.cpp">
      <Filter>Test Files\algorithm</Filter>
    </ClCompile>
    <ClCompile Include="..\..\..\..\example\comprehensions.cpp">
      <Filter>Example Files</Filter>
    </ClCompile>
    <ClCompile Include="..\..\..\..\test\algorithm\equal.cpp">
      <Filter>Test Files\algorithm</Filter>
    </ClCompile>
    <ClCompile Include="..\..\..\..\test\algorithm\transform.cpp">
      <Filter>Test Files\algorithm</Filter>
    </ClCompile>
    <ClCompile Include="..\..\..\..\test\numeric\accumulate.cpp">
      <Filter>Test Files\numeric</Filter>
    </ClCompile>
    <ClCompile Include="..\..\..\..\test\algorithm\equal_range.cpp">
      <Filter>Test Files\algorithm</Filter>
    </ClCompile>
    <ClCompile Include="..\..\..\..\test\algorithm\find_first_of.cpp">
      <Filter>Test Files\algorithm</Filter>
    </ClCompile>
    <ClCompile Include="..\..\..\..\test\algorithm\fill.cpp">
      <Filter>Test Files\algorithm</Filter>
    </ClCompile>
    <ClCompile Include="..\..\..\..\test\algorithm\generate.cpp">
      <Filter>Test Files\algorithm</Filter>
    </ClCompile>
    <ClCompile Include="..\..\..\..\test\algorithm\generate_n.cpp">
      <Filter>Test Files\algorithm</Filter>
    </ClCompile>
    <ClCompile Include="..\..\..\..\test\algorithm\lexicographical_compare.cpp">
      <Filter>Test Files\algorithm</Filter>
    </ClCompile>
    <ClCompile Include="..\..\..\..\test\algorithm\max_element.cpp">
      <Filter>Test Files\algorithm</Filter>
    </ClCompile>
    <ClCompile Include="..\..\..\..\test\algorithm\min_element.cpp">
      <Filter>Test Files\algorithm</Filter>
    </ClCompile>
    <ClCompile Include="..\..\..\..\test\algorithm\minmax_element.cpp">
      <Filter>Test Files\algorithm</Filter>
    </ClCompile>
    <ClCompile Include="..\..\..\..\test\algorithm\mismatch.cpp">
      <Filter>Test Files\algorithm</Filter>
    </ClCompile>
    <ClCompile Include="..\..\..\..\test\algorithm\move.cpp">
      <Filter>Test Files\algorithm</Filter>
    </ClCompile>
    <ClCompile Include="..\..\..\..\test\algorithm\move_backward.cpp">
      <Filter>Test Files\algorithm</Filter>
    </ClCompile>
    <ClCompile Include="..\..\..\..\test\algorithm\nth_element.cpp">
      <Filter>Test Files\algorithm</Filter>
    </ClCompile>
    <ClCompile Include="..\..\..\..\test\algorithm\remove.cpp">
      <Filter>Test Files\algorithm</Filter>
    </ClCompile>
    <ClCompile Include="..\..\..\..\test\algorithm\remove_if.cpp">
      <Filter>Test Files\algorithm</Filter>
    </ClCompile>
    <ClCompile Include="..\..\..\..\test\algorithm\remove_copy.cpp">
      <Filter>Test Files\algorithm</Filter>
    </ClCompile>
    <ClCompile Include="..\..\..\..\test\algorithm\remove_copy_if.cpp">
      <Filter>Test Files\algorithm</Filter>
    </ClCompile>
    <ClCompile Include="..\..\..\..\test\algorithm\partition.cpp">
      <Filter>Test Files\algorithm</Filter>
    </ClCompile>
    <ClCompile Include="..\..\..\..\test\algorithm\is_partitioned.cpp">
      <Filter>Test Files\algorithm</Filter>
    </ClCompile>
    <ClCompile Include="..\..\..\..\test\algorithm\partition_point.cpp">
      <Filter>Test Files\algorithm</Filter>
    </ClCompile>
    <ClCompile Include="..\..\..\..\test\algorithm\stable_partition.cpp">
      <Filter>Test Files\algorithm</Filter>
    </ClCompile>
    <ClCompile Include="..\..\..\..\test\algorithm\partition_copy.cpp">
      <Filter>Test Files\algorithm</Filter>
    </ClCompile>
    <ClCompile Include="..\..\..\..\example\fibonacci.cpp">
      <Filter>Example Files</Filter>
    </ClCompile>
    <ClCompile Include="..\..\..\..\test\algorithm\reverse.cpp">
      <Filter>Test Files\algorithm</Filter>
    </ClCompile>
    <ClCompile Include="..\..\..\..\test\algorithm\reverse_copy.cpp">
      <Filter>Test Files\algorithm</Filter>
    </ClCompile>
    <ClCompile Include="..\..\..\..\test\algorithm\next_permutation.cpp">
      <Filter>Test Files\algorithm</Filter>
    </ClCompile>
    <ClCompile Include="..\..\..\..\test\algorithm\prev_permutation.cpp">
      <Filter>Test Files\algorithm</Filter>
    </ClCompile>
    <ClCompile Include="..\..\..\..\test\algorithm\is_permutation.cpp">
      <Filter>Test Files\algorithm</Filter>
    </ClCompile>
    <ClCompile Include="..\..\..\..\test\algorithm\random_shuffle.cpp">
      <Filter>Test Files\algorithm</Filter>
    </ClCompile>
    <ClCompile Include="..\..\..\..\test\algorithm\shuffle.cpp">
      <Filter>Test Files\algorithm</Filter>
    </ClCompile>
    <ClCompile Include="..\..\..\..\test\view\join.cpp">
      <Filter>Test Files\view</Filter>
    </ClCompile>
    <ClCompile Include="..\..\..\..\test\view\stride.cpp">
      <Filter>Test Files\view</Filter>
    </ClCompile>
    <ClCompile Include="..\..\..\..\test\view\take_while.cpp">
      <Filter>Test Files\view</Filter>
    </ClCompile>
    <ClCompile Include="..\..\..\..\test\algorithm\any_of.cpp">
      <Filter>Test Files\algorithm</Filter>
    </ClCompile>
    <ClCompile Include="..\..\..\..\test\algorithm\none_of.cpp">
      <Filter>Test Files\algorithm</Filter>
    </ClCompile>
    <ClCompile Include="..\..\..\..\test\algorithm\replace.cpp">
      <Filter>Test Files\algorithm</Filter>
    </ClCompile>
    <ClCompile Include="..\..\..\..\test\algorithm\replace_if.cpp">
      <Filter>Test Files\algorithm</Filter>
    </ClCompile>
    <ClCompile Include="..\..\..\..\test\algorithm\swap_ranges.cpp">
      <Filter>Test Files\algorithm</Filter>
    </ClCompile>
    <ClCompile Include="..\..\..\..\test\algorithm\unique.cpp">
      <Filter>Test Files\algorithm</Filter>
    </ClCompile>
    <ClCompile Include="..\..\..\..\test\algorithm\rotate_copy.cpp">
      <Filter>Test Files\algorithm</Filter>
    </ClCompile>
    <ClCompile Include="..\..\..\..\test\algorithm\search.cpp">
      <Filter>Test Files\algorithm</Filter>
    </ClCompile>
    <ClCompile Include="..\..\..\..\test\algorithm\is_sorted.cpp">
      <Filter>Test Files\algorithm</Filter>
    </ClCompile>
    <ClCompile Include="..\..\..\..\test\algorithm\is_sorted_until.cpp">
      <Filter>Test Files\algorithm</Filter>
    </ClCompile>
    <ClCompile Include="..\..\..\..\test\algorithm\search_n.cpp">
      <Filter>Test Files\algorithm</Filter>
    </ClCompile>
    <ClCompile Include="..\..\..\..\test\view\generate.cpp">
      <Filter>Test Files\view</Filter>
    </ClCompile>
    <ClCompile Include="..\..\..\..\test\view\generate_n.cpp">
      <Filter>Test Files\view</Filter>
    </ClCompile>
    <ClCompile Include="..\..\..\..\test\algorithm\unique_copy.cpp">
      <Filter>Test Files\algorithm</Filter>
    </ClCompile>
    <ClCompile Include="..\..\..\..\test\algorithm\is_heap_until.cpp">
      <Filter>Test Files\algorithm</Filter>
    </ClCompile>
    <ClCompile Include="..\..\..\..\test\algorithm\is_heap.cpp">
      <Filter>Test Files\algorithm</Filter>
    </ClCompile>
    <ClCompile Include="..\..\..\..\test\algorithm\push_heap.cpp">
      <Filter>Test Files\algorithm</Filter>
    </ClCompile>
    <ClCompile Include="..\..\..\..\test\algorithm\pop_heap.cpp">
      <Filter>Test Files\algorithm</Filter>
    </ClCompile>
    <ClCompile Include="..\..\..\..\test\algorithm\make_heap.cpp">
      <Filter>Test Files\algorithm</Filter>
    </ClCompile>
    <ClCompile Include="..\..\..\..\test\algorithm\sort_heap.cpp">
      <Filter>Test Files\algorithm</Filter>
    </ClCompile>
    <ClCompile Include="..\..\..\..\test\algorithm\inplace_merge.cpp">
      <Filter>Test Files\algorithm</Filter>
    </ClCompile>
    <ClCompile Include="..\..\..\..\test\view\all.cpp">
      <Filter>Test Files\view</Filter>
    </ClCompile>
    <ClCompile Include="..\..\..\..\test\numeric\inner_product.cpp">
      <Filter>Test Files\numeric</Filter>
    </ClCompile>
    <ClCompile Include="..\..\..\..\test\numeric\iota.cpp">
      <Filter>Test Files\numeric</Filter>
    </ClCompile>
    <ClCompile Include="..\..\..\..\test\numeric\partial_sum.cpp">
      <Filter>Test Files\numeric</Filter>
    </ClCompile>
    <ClCompile Include="..\..\..\..\test\numeric\adjacent_difference.cpp">
      <Filter>Test Files\numeric</Filter>
    </ClCompile>
    <ClCompile Include="..\..\..\..\perf\counted_insertion_sort.cpp">
      <Filter>Perf Files</Filter>
    </ClCompile>
    <ClCompile Include="..\..\..\..\test\view\bounded.cpp">
      <Filter>Test Files\view</Filter>
    </ClCompile>
    <ClCompile Include="..\..\..\..\test\algorithm\includes.cpp">
      <Filter>Test Files\algorithm</Filter>
    </ClCompile>
    <ClCompile Include="..\..\..\..\test\range.cpp">
      <Filter>Test Files</Filter>
    </ClCompile>
    <ClCompile Include="..\..\..\..\test\algorithm\sort.cpp">
      <Filter>Test Files\algorithm</Filter>
    </ClCompile>
    <ClCompile Include="..\..\..\..\test\algorithm\partial_sort.cpp">
      <Filter>Test Files\algorithm</Filter>
    </ClCompile>
    <ClCompile Include="..\..\..\..\test\algorithm\partial_sort_copy.cpp">
      <Filter>Test Files\algorithm</Filter>
    </ClCompile>
    <ClCompile Include="..\..\..\..\test\algorithm\stable_sort.cpp">
      <Filter>Test Files\algorithm</Filter>
    </ClCompile>
    <ClCompile Include="..\..\..\..\test\view\const.cpp">
      <Filter>Test Files\view</Filter>
    </ClCompile>
    <ClCompile Include="..\..\..\..\test\view\filter.cpp">
      <Filter>Test Files\view</Filter>
    </ClCompile>
    <ClCompile Include="..\..\..\..\test\view\transform.cpp">
      <Filter>Test Files\view</Filter>
    </ClCompile>
    <ClCompile Include="..\..\..\..\test\algorithm\set_difference1.cpp">
      <Filter>Test Files\algorithm</Filter>
    </ClCompile>
    <ClCompile Include="..\..\..\..\test\algorithm\set_difference2.cpp">
      <Filter>Test Files\algorithm</Filter>
    </ClCompile>
    <ClCompile Include="..\..\..\..\test\algorithm\set_intersection1.cpp">
      <Filter>Test Files\algorithm</Filter>
    </ClCompile>
    <ClCompile Include="..\..\..\..\test\algorithm\set_intersection2.cpp">
      <Filter>Test Files\algorithm</Filter>
    </ClCompile>
    <ClCompile Include="..\..\..\..\test\algorithm\set_symmetric_difference1.cpp">
      <Filter>Test Files\algorithm</Filter>
    </ClCompile>
    <ClCompile Include="..\..\..\..\test\algorithm\set_symmetric_difference2.cpp">
      <Filter>Test Files\algorithm</Filter>
    </ClCompile>
    <ClCompile Include="..\..\..\..\test\algorithm\set_union1.cpp">
      <Filter>Test Files\algorithm</Filter>
    </ClCompile>
    <ClCompile Include="..\..\..\..\test\algorithm\set_union2.cpp">
      <Filter>Test Files\algorithm</Filter>
    </ClCompile>
    <ClCompile Include="..\..\..\..\test\view\take.cpp">
      <Filter>Test Files\view</Filter>
    </ClCompile>
    <ClCompile Include="..\..\..\..\test\view\iota.cpp">
      <Filter>Test Files\view</Filter>
    </ClCompile>
    <ClCompile Include="..\..\..\..\test\view\drop.cpp">
      <Filter>Test Files\view</Filter>
    </ClCompile>
    <ClCompile Include="..\..\..\..\test\view\drop_while.cpp">
      <Filter>Test Files\view</Filter>
    </ClCompile>
    <ClCompile Include="..\..\..\..\test\container_conversion.cpp">
      <Filter>Test Files</Filter>
    </ClCompile>
    <ClCompile Include="..\..\..\..\test\container\cont_concepts.cpp">
      <Filter>Test Files\container</Filter>
    </ClCompile>
    <ClCompile Include="..\..\..\..\test\container\insert.cpp">
      <Filter>Test Files\container</Filter>
    </ClCompile>
    <ClCompile Include="..\..\..\..\test\container\push_front.cpp">
      <Filter>Test Files\container</Filter>
    </ClCompile>
    <ClCompile Include="..\..\..\..\test\container\push_back.cpp">
      <Filter>Test Files\container</Filter>
    </ClCompile>
    <ClCompile Include="..\..\..\..\test\container\sort.cpp">
      <Filter>Test Files\container</Filter>
    </ClCompile>
    <ClCompile Include="..\..\..\..\test\container\unique.cpp">
      <Filter>Test Files\container</Filter>
    </ClCompile>
    <ClCompile Include="..\..\..\..\test\container\erase_if.cpp">
      <Filter>Test Files\container</Filter>
    </ClCompile>
    <ClCompile Include="..\..\..\..\test\container\drop.cpp">
      <Filter>Test Files\container</Filter>
    </ClCompile>
    <ClCompile Include="..\..\..\..\test\container\take.cpp">
      <Filter>Test Files\container</Filter>
    </ClCompile>
    <ClCompile Include="..\..\..\..\test\container\drop_while.cpp">
      <Filter>Test Files\container</Filter>
    </ClCompile>
    <ClCompile Include="..\..\..\..\test\container\take_while.cpp">
      <Filter>Test Files\container</Filter>
    </ClCompile>
    <ClCompile Include="..\..\..\..\test\utility\meta.cpp">
      <Filter>Test Files\utility</Filter>
    </ClCompile>
    <ClCompile Include="..\..\..\..\test\container\slice.cpp">
      <Filter>Test Files\container</Filter>
    </ClCompile>
    <ClCompile Include="..\..\..\..\test\multiple1.cpp">
      <Filter>Test Files</Filter>
    </ClCompile>
    <ClCompile Include="..\..\..\..\test\multiple2.cpp">
      <Filter>Test Files</Filter>
    </ClCompile>
    <ClCompile Include="..\..\..\..\test\container\stride.cpp">
      <Filter>Test Files\container</Filter>
    </ClCompile>
  </ItemGroup>
  <ItemGroup>
    <ClInclude Include="..\..\..\..\include\range\v3\begin_end.hpp">
      <Filter>Header Files</Filter>
    </ClInclude>
    <ClInclude Include="..\..\..\..\include\range\v3\istream_range.hpp">
      <Filter>Header Files</Filter>
    </ClInclude>
    <ClInclude Include="..\..\..\..\include\range\v3\range.hpp">
      <Filter>Header Files</Filter>
    </ClInclude>
    <ClInclude Include="..\..\..\..\include\range\v3\range_fwd.hpp">
      <Filter>Header Files</Filter>
    </ClInclude>
    <ClInclude Include="..\..\..\..\include\range\v3\range_traits.hpp">
      <Filter>Header Files</Filter>
    </ClInclude>
    <ClInclude Include="..\..\..\..\include\range\v3\algorithm\adjacent_find.hpp">
      <Filter>Header Files\algorithm</Filter>
    </ClInclude>
    <ClInclude Include="..\..\..\..\include\range\v3\algorithm.hpp">
      <Filter>Header Files</Filter>
    </ClInclude>
    <ClInclude Include="..\..\..\..\include\range\v3\utility\concepts.hpp">
      <Filter>Header Files\utility</Filter>
    </ClInclude>
    <ClInclude Include="..\..\..\..\include\range\v3\algorithm\binary_search.hpp">
      <Filter>Header Files\algorithm</Filter>
    </ClInclude>
    <ClInclude Include="..\..\..\..\include\range\v3\algorithm\copy.hpp">
      <Filter>Header Files\algorithm</Filter>
    </ClInclude>
    <ClInclude Include="..\..\..\..\include\range\v3\algorithm\copy_backward.hpp">
      <Filter>Header Files\algorithm</Filter>
    </ClInclude>
    <ClInclude Include="..\..\..\..\include\range\v3\algorithm\count.hpp">
      <Filter>Header Files\algorithm</Filter>
    </ClInclude>
    <ClInclude Include="..\..\..\..\include\range\v3\algorithm\count_if.hpp">
      <Filter>Header Files\algorithm</Filter>
    </ClInclude>
    <ClInclude Include="..\..\..\..\include\range\v3\algorithm\equal.hpp">
      <Filter>Header Files\algorithm</Filter>
    </ClInclude>
    <ClInclude Include="..\..\..\..\include\range\v3\algorithm\equal_range.hpp">
      <Filter>Header Files\algorithm</Filter>
    </ClInclude>
    <ClInclude Include="..\..\..\..\include\range\v3\algorithm\fill.hpp">
      <Filter>Header Files\algorithm</Filter>
    </ClInclude>
    <ClInclude Include="..\..\..\..\include\range\v3\algorithm\fill_n.hpp">
      <Filter>Header Files\algorithm</Filter>
    </ClInclude>
    <ClInclude Include="..\..\..\..\include\range\v3\algorithm\find.hpp">
      <Filter>Header Files\algorithm</Filter>
    </ClInclude>
    <ClInclude Include="..\..\..\..\include\range\v3\algorithm\find_end.hpp">
      <Filter>Header Files\algorithm</Filter>
    </ClInclude>
    <ClInclude Include="..\..\..\..\include\range\v3\algorithm\find_first_of.hpp">
      <Filter>Header Files\algorithm</Filter>
    </ClInclude>
    <ClInclude Include="..\..\..\..\include\range\v3\algorithm\find_if.hpp">
      <Filter>Header Files\algorithm</Filter>
    </ClInclude>
    <ClInclude Include="..\..\..\..\include\range\v3\algorithm\for_each.hpp">
      <Filter>Header Files\algorithm</Filter>
    </ClInclude>
    <ClInclude Include="..\..\..\..\include\range\v3\algorithm\generate.hpp">
      <Filter>Header Files\algorithm</Filter>
    </ClInclude>
    <ClInclude Include="..\..\..\..\include\range\v3\algorithm\heap_algorithm.hpp">
      <Filter>Header Files\algorithm</Filter>
    </ClInclude>
    <ClInclude Include="..\..\..\..\include\range\v3\algorithm\inplace_merge.hpp">
      <Filter>Header Files\algorithm</Filter>
    </ClInclude>
    <ClInclude Include="..\..\..\..\include\range\v3\algorithm\lexicographical_compare.hpp">
      <Filter>Header Files\algorithm</Filter>
    </ClInclude>
    <ClInclude Include="..\..\..\..\include\range\v3\algorithm\lower_bound.hpp">
      <Filter>Header Files\algorithm</Filter>
    </ClInclude>
    <ClInclude Include="..\..\..\..\include\range\v3\algorithm\max_element.hpp">
      <Filter>Header Files\algorithm</Filter>
    </ClInclude>
    <ClInclude Include="..\..\..\..\include\range\v3\algorithm\merge.hpp">
      <Filter>Header Files\algorithm</Filter>
    </ClInclude>
    <ClInclude Include="..\..\..\..\include\range\v3\algorithm\min_element.hpp">
      <Filter>Header Files\algorithm</Filter>
    </ClInclude>
    <ClInclude Include="..\..\..\..\include\range\v3\algorithm\mismatch.hpp">
      <Filter>Header Files\algorithm</Filter>
    </ClInclude>
    <ClInclude Include="..\..\..\..\include\range\v3\algorithm\nth_element.hpp">
      <Filter>Header Files\algorithm</Filter>
    </ClInclude>
    <ClInclude Include="..\..\..\..\include\range\v3\algorithm\partial_sort.hpp">
      <Filter>Header Files\algorithm</Filter>
    </ClInclude>
    <ClInclude Include="..\..\..\..\include\range\v3\algorithm\partial_sort_copy.hpp">
      <Filter>Header Files\algorithm</Filter>
    </ClInclude>
    <ClInclude Include="..\..\..\..\include\range\v3\algorithm\partition.hpp">
      <Filter>Header Files\algorithm</Filter>
    </ClInclude>
    <ClInclude Include="..\..\..\..\include\range\v3\algorithm\permutation.hpp">
      <Filter>Header Files\algorithm</Filter>
    </ClInclude>
    <ClInclude Include="..\..\..\..\include\range\v3\algorithm\random_shuffle.hpp">
      <Filter>Header Files\algorithm</Filter>
    </ClInclude>
    <ClInclude Include="..\..\..\..\include\range\v3\algorithm\remove.hpp">
      <Filter>Header Files\algorithm</Filter>
    </ClInclude>
    <ClInclude Include="..\..\..\..\include\range\v3\algorithm\remove_copy.hpp">
      <Filter>Header Files\algorithm</Filter>
    </ClInclude>
    <ClInclude Include="..\..\..\..\include\range\v3\algorithm\remove_copy_if.hpp">
      <Filter>Header Files\algorithm</Filter>
    </ClInclude>
    <ClInclude Include="..\..\..\..\include\range\v3\algorithm\remove_if.hpp">
      <Filter>Header Files\algorithm</Filter>
    </ClInclude>
    <ClInclude Include="..\..\..\..\include\range\v3\algorithm\replace.hpp">
      <Filter>Header Files\algorithm</Filter>
    </ClInclude>
    <ClInclude Include="..\..\..\..\include\range\v3\algorithm\replace_copy.hpp">
      <Filter>Header Files\algorithm</Filter>
    </ClInclude>
    <ClInclude Include="..\..\..\..\include\range\v3\algorithm\replace_copy_if.hpp">
      <Filter>Header Files\algorithm</Filter>
    </ClInclude>
    <ClInclude Include="..\..\..\..\include\range\v3\algorithm\replace_if.hpp">
      <Filter>Header Files\algorithm</Filter>
    </ClInclude>
    <ClInclude Include="..\..\..\..\include\range\v3\algorithm\reverse.hpp">
      <Filter>Header Files\algorithm</Filter>
    </ClInclude>
    <ClInclude Include="..\..\..\..\include\range\v3\algorithm\reverse_copy.hpp">
      <Filter>Header Files\algorithm</Filter>
    </ClInclude>
    <ClInclude Include="..\..\..\..\include\range\v3\algorithm\rotate.hpp">
      <Filter>Header Files\algorithm</Filter>
    </ClInclude>
    <ClInclude Include="..\..\..\..\include\range\v3\algorithm\rotate_copy.hpp">
      <Filter>Header Files\algorithm</Filter>
    </ClInclude>
    <ClInclude Include="..\..\..\..\include\range\v3\algorithm\search.hpp">
      <Filter>Header Files\algorithm</Filter>
    </ClInclude>
    <ClInclude Include="..\..\..\..\include\range\v3\algorithm\search_n.hpp">
      <Filter>Header Files\algorithm</Filter>
    </ClInclude>
    <ClInclude Include="..\..\..\..\include\range\v3\algorithm\set_algorithm.hpp">
      <Filter>Header Files\algorithm</Filter>
    </ClInclude>
    <ClInclude Include="..\..\..\..\include\range\v3\algorithm\sort.hpp">
      <Filter>Header Files\algorithm</Filter>
    </ClInclude>
    <ClInclude Include="..\..\..\..\include\range\v3\algorithm\stable_partition.hpp">
      <Filter>Header Files\algorithm</Filter>
    </ClInclude>
    <ClInclude Include="..\..\..\..\include\range\v3\algorithm\stable_sort.hpp">
      <Filter>Header Files\algorithm</Filter>
    </ClInclude>
    <ClInclude Include="..\..\..\..\include\range\v3\algorithm\swap_ranges.hpp">
      <Filter>Header Files\algorithm</Filter>
    </ClInclude>
    <ClInclude Include="..\..\..\..\include\range\v3\algorithm\transform.hpp">
      <Filter>Header Files\algorithm</Filter>
    </ClInclude>
    <ClInclude Include="..\..\..\..\include\range\v3\algorithm\unique.hpp">
      <Filter>Header Files\algorithm</Filter>
    </ClInclude>
    <ClInclude Include="..\..\..\..\include\range\v3\algorithm\unique_copy.hpp">
      <Filter>Header Files\algorithm</Filter>
    </ClInclude>
    <ClInclude Include="..\..\..\..\include\range\v3\algorithm\upper_bound.hpp">
      <Filter>Header Files\algorithm</Filter>
    </ClInclude>
    <ClInclude Include="..\..\..\..\include\range\v3\view\const.hpp">
      <Filter>Header Files\view</Filter>
    </ClInclude>
    <ClInclude Include="..\..\..\..\include\range\v3\view\filter.hpp">
      <Filter>Header Files\view</Filter>
    </ClInclude>
    <ClInclude Include="..\..\..\..\include\range\v3\view.hpp">
      <Filter>Header Files</Filter>
    </ClInclude>
    <ClInclude Include="..\..\..\..\include\range\v3\view\transform.hpp">
      <Filter>Header Files\view</Filter>
    </ClInclude>
    <ClInclude Include="..\..\..\..\include\range\v3\view\reverse.hpp">
      <Filter>Header Files\view</Filter>
    </ClInclude>
    <ClInclude Include="..\..\..\..\include\range\v3\view\join.hpp">
      <Filter>Header Files\view</Filter>
    </ClInclude>
    <ClInclude Include="..\..\..\..\include\range\v3\utility\invokable.hpp">
      <Filter>Header Files\utility</Filter>
    </ClInclude>
    <ClInclude Include="..\..\..\..\include\range\v3\utility\compressed_pair.hpp">
      <Filter>Header Files\utility</Filter>
    </ClInclude>
    <ClInclude Include="..\..\..\..\include\range\v3\utility\integer_sequence.hpp">
      <Filter>Header Files\utility</Filter>
    </ClInclude>
    <ClInclude Include="..\..\..\..\include\range\v3\range_concepts.hpp">
      <Filter>Header Files</Filter>
    </ClInclude>
    <ClInclude Include="..\..\..\..\include\range\v3\utility\iterator_concepts.hpp">
      <Filter>Header Files\utility</Filter>
    </ClInclude>
    <ClInclude Include="..\..\..\..\include\range\v3\utility\iterator_traits.hpp">
      <Filter>Header Files\utility</Filter>
    </ClInclude>
    <ClInclude Include="..\..\..\..\include\range\v3\utility\typelist.hpp">
      <Filter>Header Files\utility</Filter>
    </ClInclude>
    <ClInclude Include="..\..\..\..\include\range\v3\utility\logical_ops.hpp">
      <Filter>Header Files\utility</Filter>
    </ClInclude>
    <ClInclude Include="..\..\..\..\include\range\v3\view\replace.hpp">
      <Filter>Header Files\view</Filter>
    </ClInclude>
    <ClInclude Include="..\..\..\..\include\range\v3\utility\swap.hpp">
      <Filter>Header Files\utility</Filter>
    </ClInclude>
    <ClInclude Include="..\..\..\..\include\range\v3\view\adjacent_filter.hpp">
      <Filter>Header Files\view</Filter>
    </ClInclude>
    <ClInclude Include="..\..\..\..\include\range\v3\view\unique.hpp">
      <Filter>Header Files\view</Filter>
    </ClInclude>
    <ClInclude Include="..\..\..\..\include\range\v3\view\slice.hpp">
      <Filter>Header Files\view</Filter>
    </ClInclude>
    <ClInclude Include="..\..\..\..\include\range\v3\view\indirect.hpp">
      <Filter>Header Files\view</Filter>
    </ClInclude>
    <ClInclude Include="..\..\..\..\include\range\v3\view\map.hpp">
      <Filter>Header Files\view</Filter>
    </ClInclude>
    <ClInclude Include="..\..\..\..\include\range\v3\view\replace_if.hpp">
      <Filter>Header Files\view</Filter>
    </ClInclude>
    <ClInclude Include="..\..\..\..\include\range\v3\view\tokenize.hpp">
      <Filter>Header Files\view</Filter>
    </ClInclude>
    <ClInclude Include="..\..\..\..\include\range\v3\view\stride.hpp">
      <Filter>Header Files\view</Filter>
    </ClInclude>
    <ClInclude Include="..\..\..\..\include\range\v3\utility\box.hpp">
      <Filter>Header Files\utility</Filter>
    </ClInclude>
    <ClInclude Include="..\..\..\..\include\range\v3\distance.hpp">
      <Filter>Header Files</Filter>
    </ClInclude>
    <ClInclude Include="..\..\..\..\include\range\v3\size.hpp">
      <Filter>Header Files</Filter>
    </ClInclude>
    <ClInclude Include="..\..\..\..\include\range\v3\numeric.hpp">
      <Filter>Header Files</Filter>
    </ClInclude>
    <ClInclude Include="..\..\..\..\include\range\v3\view\zip.hpp">
      <Filter>Header Files\view</Filter>
    </ClInclude>
    <ClInclude Include="..\..\..\..\include\range\v3\utility\tuple_algorithm.hpp">
      <Filter>Header Files\utility</Filter>
    </ClInclude>
    <ClInclude Include="..\..\..\..\include\range\v3\view\move.hpp">
      <Filter>Header Files\view</Filter>
    </ClInclude>
    <ClInclude Include="..\..\..\..\include\range\v3\view\iota.hpp">
      <Filter>Header Files\view</Filter>
    </ClInclude>
    <ClInclude Include="..\..\..\..\include\range\v3\view\delimit.hpp">
      <Filter>Header Files\view</Filter>
    </ClInclude>
    <ClInclude Include="..\..\..\..\include\range\v3\view\repeat.hpp">
      <Filter>Header Files\view</Filter>
    </ClInclude>
    <ClInclude Include="..\..\..\..\include\range\v3\view\take.hpp">
      <Filter>Header Files\view</Filter>
    </ClInclude>
    <ClInclude Include="..\..\..\..\include\range\v3\utility\functional.hpp">
      <Filter>Header Files\utility</Filter>
    </ClInclude>
    <ClInclude Include="..\..\..\..\include\range\v3\utility\safe_int.hpp">
      <Filter>Header Files\utility</Filter>
    </ClInclude>
    <ClInclude Include="..\..\..\..\include\range\v3\utility\is_infinity.hpp">
      <Filter>Header Files\utility</Filter>
    </ClInclude>
    <ClInclude Include="..\..\..\..\include\range\v3\algorithm\generate_n.hpp">
      <Filter>Header Files\algorithm</Filter>
    </ClInclude>
    <ClInclude Include="..\..\..\..\include\range\v3\algorithm\move.hpp">
      <Filter>Header Files\algorithm</Filter>
    </ClInclude>
    <ClInclude Include="..\..\..\..\include\range\v3\algorithm\move_backward.hpp">
      <Filter>Header Files\algorithm</Filter>
    </ClInclude>
    <ClInclude Include="..\..\..\..\include\range\v3\range_facade.hpp">
      <Filter>Header Files</Filter>
    </ClInclude>
    <ClInclude Include="..\..\..\..\include\range\v3\utility\compressed_tuple.hpp">
      <Filter>Header Files\utility</Filter>
    </ClInclude>
    <ClInclude Include="..\..\..\..\include\range\v3\utility\variant.hpp">
      <Filter>Header Files\utility</Filter>
    </ClInclude>
    <ClInclude Include="..\..\..\..\include\range\v3\utility\infinity.hpp">
      <Filter>Header Files\utility</Filter>
    </ClInclude>
    <ClInclude Include="..\..\..\..\include\range\v3\range_adaptor.hpp">
      <Filter>Header Files</Filter>
    </ClInclude>
    <ClInclude Include="..\..\..\..\include\range\v3\view\counted.hpp">
      <Filter>Header Files\view</Filter>
    </ClInclude>
    <ClInclude Include="..\..\..\..\include\range\v3\utility\unreachable.hpp">
      <Filter>Header Files\utility</Filter>
    </ClInclude>
    <ClInclude Include="..\..\..\..\include\range\v3\view\unbounded.hpp">
      <Filter>Header Files\view</Filter>
    </ClInclude>
    <ClInclude Include="..\..\..\..\include\range\v3\view\all.hpp">
      <Filter>Header Files\view</Filter>
    </ClInclude>
    <ClInclude Include="..\..\..\..\include\range\v3\utility\common_type.hpp">
      <Filter>Header Files\utility</Filter>
    </ClInclude>
    <ClInclude Include="..\..\..\..\include\range\v3\algorithm\all_of.hpp">
      <Filter>Header Files\algorithm</Filter>
    </ClInclude>
    <ClInclude Include="..\..\..\..\test\simple_test.hpp">
      <Filter>Test Files</Filter>
    </ClInclude>
    <ClInclude Include="..\..\..\..\include\range\v3\utility\meta.hpp">
      <Filter>Header Files\utility</Filter>
    </ClInclude>
    <ClInclude Include="..\..\..\..\include\range\v3\core.hpp">
      <Filter>Header Files</Filter>
    </ClInclude>
    <ClInclude Include="..\..\..\..\test\test_utils.hpp">
      <Filter>Test Files</Filter>
    </ClInclude>
    <ClInclude Include="..\..\..\..\include\range\v3\utility\iterator.hpp">
      <Filter>Header Files\utility</Filter>
    </ClInclude>
    <ClInclude Include="..\..\..\..\include\range\v3\algorithm\copy_n.hpp">
      <Filter>Header Files\algorithm</Filter>
    </ClInclude>
    <ClInclude Include="..\..\..\..\include\range\v3\algorithm\aux_\merge_n_with_buffer.hpp">
      <Filter>Header Files\algorithm\aux_</Filter>
    </ClInclude>
    <ClInclude Include="..\..\..\..\include\range\v3\algorithm\aux_\sort_n_with_buffer.hpp">
      <Filter>Header Files\algorithm\aux_</Filter>
    </ClInclude>
    <ClInclude Include="..\..\..\..\include\range\v3\utility\optional.hpp">
      <Filter>Header Files\utility</Filter>
    </ClInclude>
    <ClInclude Include="..\..\..\..\include\range\v3\view\flatten.hpp">
      <Filter>Header Files\view</Filter>
    </ClInclude>
    <ClInclude Include="..\..\..\..\include\range\v3\view\generate.hpp">
      <Filter>Header Files\view</Filter>
    </ClInclude>
    <ClInclude Include="..\..\..\..\include\range\v3\view\for_each.hpp">
      <Filter>Header Files\view</Filter>
    </ClInclude>
    <ClInclude Include="..\..\..\..\include\range\v3\view\single.hpp">
      <Filter>Header Files\view</Filter>
    </ClInclude>
    <ClInclude Include="..\..\..\..\include\range\v3\view\generate_n.hpp">
      <Filter>Header Files\view</Filter>
    </ClInclude>
    <ClInclude Include="..\..\..\..\include\range\v3\view\repeat_n.hpp">
      <Filter>Header Files\view</Filter>
    </ClInclude>
    <ClInclude Include="..\..\..\..\include\range\v3\utility\range_algorithm.hpp">
      <Filter>Header Files\utility</Filter>
    </ClInclude>
    <ClInclude Include="..\..\..\..\include\range\v3\algorithm\copy_if.hpp">
      <Filter>Header Files\algorithm</Filter>
    </ClInclude>
    <ClInclude Include="..\..\..\..\include\range\v3\algorithm\minmax_element.hpp">
      <Filter>Header Files\algorithm</Filter>
    </ClInclude>
    <ClInclude Include="..\..\..\..\include\range\v3\algorithm\is_partitioned.hpp">
      <Filter>Header Files\algorithm</Filter>
    </ClInclude>
    <ClInclude Include="..\..\..\..\include\range\v3\algorithm\partition_point.hpp">
      <Filter>Header Files\algorithm</Filter>
    </ClInclude>
    <ClInclude Include="..\..\..\..\include\range\v3\view\any_range.hpp">
      <Filter>Header Files\view</Filter>
    </ClInclude>
    <ClInclude Include="..\..\..\..\include\range\v3\algorithm\partition_copy.hpp">
      <Filter>Header Files\algorithm</Filter>
    </ClInclude>
    <ClInclude Include="..\..\..\..\include\range\v3\view\tail.hpp">
      <Filter>Header Files\view</Filter>
    </ClInclude>
    <ClInclude Include="..\..\..\..\include\range\v3\empty.hpp">
      <Filter>Header Files</Filter>
    </ClInclude>
    <ClInclude Include="..\..\..\..\include\range\v3\utility\nullval.hpp">
      <Filter>Header Files\utility</Filter>
    </ClInclude>
    <ClInclude Include="..\..\..\..\include\range\v3\algorithm\shuffle.hpp">
      <Filter>Header Files\algorithm</Filter>
    </ClInclude>
    <ClInclude Include="..\..\..\..\include\range\v3\view\take_while.hpp">
      <Filter>Header Files\view</Filter>
    </ClInclude>
    <ClInclude Include="..\..\..\..\include\range\v3\algorithm\any_of.hpp">
      <Filter>Header Files\algorithm</Filter>
    </ClInclude>
    <ClInclude Include="..\..\..\..\include\range\v3\algorithm\none_of.hpp">
      <Filter>Header Files\algorithm</Filter>
    </ClInclude>
    <ClInclude Include="..\..\..\..\example\recursive_range.hpp">
      <Filter>Example Files</Filter>
    </ClInclude>
    <ClInclude Include="..\..\..\..\include\range\v3\algorithm\is_sorted.hpp">
      <Filter>Header Files\algorithm</Filter>
    </ClInclude>
    <ClInclude Include="..\..\..\..\include\range\v3\algorithm\is_sorted_until.hpp">
      <Filter>Header Files\algorithm</Filter>
    </ClInclude>
    <ClInclude Include="..\..\..\..\include\range\v3\detail\disable_warnings.hpp">
      <Filter>Header Files\detail</Filter>
    </ClInclude>
    <ClInclude Include="..\..\..\..\include\range\v3\detail\re_enable_warnings.hpp">
      <Filter>Header Files\detail</Filter>
    </ClInclude>
    <ClInclude Include="..\..\..\..\include\range\v3\algorithm\aux_\merge_n.hpp">
      <Filter>Header Files\algorithm\aux_</Filter>
    </ClInclude>
    <ClInclude Include="..\..\..\..\include\range\v3\algorithm\aux_\lower_bound_n.hpp">
      <Filter>Header Files\algorithm\aux_</Filter>
    </ClInclude>
    <ClInclude Include="..\..\..\..\include\range\v3\algorithm\aux_\upper_bound_n.hpp">
      <Filter>Header Files\algorithm\aux_</Filter>
    </ClInclude>
    <ClInclude Include="..\..\..\..\include\range\v3\algorithm\aux_\equal_range_n.hpp">
      <Filter>Header Files\algorithm\aux_</Filter>
    </ClInclude>
    <ClInclude Include="..\..\..\..\include\range\v3\numeric\accumulate.hpp">
      <Filter>Header Files\numeric</Filter>
    </ClInclude>
    <ClInclude Include="..\..\..\..\include\range\v3\numeric\inner_product.hpp">
      <Filter>Header Files\numeric</Filter>
    </ClInclude>
    <ClInclude Include="..\..\..\..\include\range\v3\numeric\iota.hpp">
      <Filter>Header Files\numeric</Filter>
    </ClInclude>
    <ClInclude Include="..\..\..\..\include\range\v3\numeric\partial_sum.hpp">
      <Filter>Header Files\numeric</Filter>
    </ClInclude>
    <ClInclude Include="..\..\..\..\include\range\v3\numeric\adjacent_difference.hpp">
      <Filter>Header Files\numeric</Filter>
    </ClInclude>
    <ClInclude Include="..\..\..\..\test\test_iterators.hpp">
      <Filter>Test Files</Filter>
    </ClInclude>
    <ClInclude Include="..\..\..\..\include\range\v3\view\bounded.hpp">
      <Filter>Header Files\view</Filter>
    </ClInclude>
    <ClInclude Include="..\..\..\..\include\range\v3\all.hpp">
      <Filter>Header Files</Filter>
    </ClInclude>
    <ClInclude Include="..\..\..\..\include\range\v3\range_access.hpp">
      <Filter>Header Files</Filter>
    </ClInclude>
    <ClInclude Include="..\..\..\..\include\range\v3\at.hpp">
      <Filter>Header Files</Filter>
    </ClInclude>
    <ClInclude Include="..\..\..\..\include\range\v3\back.hpp">
      <Filter>Header Files</Filter>
    </ClInclude>
    <ClInclude Include="..\..\..\..\include\range\v3\front.hpp">
      <Filter>Header Files</Filter>
    </ClInclude>
    <ClInclude Include="..\..\..\..\include\range\v3\utility\memory.hpp">
      <Filter>Header Files\utility</Filter>
    </ClInclude>
    <ClInclude Include="..\..\..\..\include\range\v3\utility\basic_iterator.hpp">
      <Filter>Header Files\utility</Filter>
    </ClInclude>
    <ClInclude Include="..\..\..\..\include\range\v3\utility\counted_iterator.hpp">
      <Filter>Header Files\utility</Filter>
    </ClInclude>
    <ClInclude Include="..\..\..\..\include\range\v3\algorithm\find_if_not.hpp">
      <Filter>Header Files\algorithm</Filter>
    </ClInclude>
    <ClInclude Include="..\..\..\..\test\algorithm\set_difference.hpp">
      <Filter>Test Files\algorithm</Filter>
    </ClInclude>
    <ClInclude Include="..\..\..\..\test\algorithm\set_intersection.hpp">
      <Filter>Test Files\algorithm</Filter>
    </ClInclude>
    <ClInclude Include="..\..\..\..\test\algorithm\set_symmetric_difference.hpp">
      <Filter>Test Files\algorithm</Filter>
    </ClInclude>
    <ClInclude Include="..\..\..\..\test\algorithm\set_union.hpp">
      <Filter>Test Files\algorithm</Filter>
    </ClInclude>
    <ClInclude Include="..\..\..\..\include\range\v3\range_interface.hpp">
      <Filter>Header Files</Filter>
    </ClInclude>
    <ClInclude Include="..\..\..\..\include\range\v3\range_for.hpp">
      <Filter>Header Files</Filter>
    </ClInclude>
    <ClInclude Include="..\..\..\..\include\range\v3\utility\common_iterator.hpp">
      <Filter>Header Files\utility</Filter>
    </ClInclude>
    <ClInclude Include="..\..\..\..\include\range\v3\view\drop.hpp">
      <Filter>Header Files\view</Filter>
    </ClInclude>
    <ClInclude Include="..\..\..\..\include\range\v3\view\drop_while.hpp">
      <Filter>Header Files\view</Filter>
    </ClInclude>
    <ClInclude Include="..\..\..\..\include\range\v3\container\concepts.hpp">
      <Filter>Header Files\container</Filter>
    </ClInclude>
    <ClInclude Include="..\..\..\..\include\range\v3\utility\copy.hpp">
      <Filter>Header Files\utility</Filter>
    </ClInclude>
    <ClInclude Include="..\..\..\..\include\range\v3\container\insert.hpp">
      <Filter>Header Files\container</Filter>
    </ClInclude>
    <ClInclude Include="..\..\..\..\include\range\v3\container.hpp">
      <Filter>Header Files</Filter>
    </ClInclude>
    <ClInclude Include="..\..\..\..\include\range\v3\container\push_front.hpp">
      <Filter>Header Files\container</Filter>
    </ClInclude>
    <ClInclude Include="..\..\..\..\include\range\v3\container\push_back.hpp">
      <Filter>Header Files\container</Filter>
    </ClInclude>
    <ClInclude Include="..\..\..\..\include\range\v3\utility\move.hpp">
      <Filter>Header Files\utility</Filter>
    </ClInclude>
    <ClInclude Include="..\..\..\..\include\range\v3\utility\semiregular.hpp">
      <Filter>Header Files\utility</Filter>
    </ClInclude>
    <ClInclude Include="..\..\..\..\include\range\v3\utility\pipeable.hpp">
      <Filter>Header Files\utility</Filter>
    </ClInclude>
    <ClInclude Include="..\..\..\..\include\range\v3\container\sort.hpp">
      <Filter>Header Files\container</Filter>
    </ClInclude>
    <ClInclude Include="..\..\..\..\include\range\v3\container\action.hpp">
      <Filter>Header Files\container</Filter>
    </ClInclude>
    <ClInclude Include="..\..\..\..\include\range\v3\container\unique.hpp">
      <Filter>Header Files\container</Filter>
    </ClInclude>
    <ClInclude Include="..\..\..\..\include\range\v3\container\erase.hpp">
      <Filter>Header Files\container</Filter>
    </ClInclude>
    <ClInclude Include="..\..\..\..\include\range\v3\container\erase_if.hpp">
      <Filter>Header Files\container</Filter>
    </ClInclude>
    <ClInclude Include="..\..\..\..\include\range\v3\container\stable_sort.hpp">
      <Filter>Header Files\container</Filter>
    </ClInclude>
    <ClInclude Include="..\..\..\..\include\range\v3\container\drop.hpp">
      <Filter>Header Files\container</Filter>
    </ClInclude>
    <ClInclude Include="..\..\..\..\include\range\v3\container\take.hpp">
      <Filter>Header Files\container</Filter>
    </ClInclude>
    <ClInclude Include="..\..\..\..\include\range\v3\container\drop_while.hpp">
      <Filter>Header Files\container</Filter>
    </ClInclude>
    <ClInclude Include="..\..\..\..\include\range\v3\container\take_while.hpp">
      <Filter>Header Files\container</Filter>
    </ClInclude>
    <ClInclude Include="..\..\..\..\include\range\v3\container\slice.hpp">
      <Filter>Header Files\container</Filter>
    </ClInclude>
    <ClInclude Include="..\..\..\..\include\range\v3\container\stride.hpp">
      <Filter>Header Files\container</Filter>
    </ClInclude>
  </ItemGroup>
  <ItemGroup>
    <Text Include="..\..\..\..\CMakeLists.txt" />
    <Text Include="..\..\..\..\test\CMakeLists.txt">
      <Filter>Test Files</Filter>
    </Text>
    <Text Include="..\..\..\..\test\algorithm\CMakeLists.txt">
      <Filter>Test Files\algorithm</Filter>
    </Text>
    <Text Include="..\..\..\..\test\utility\CMakeLists.txt">
      <Filter>Test Files\utility</Filter>
    </Text>
    <Text Include="CMakeLists.txt">
      <Filter>Source Files</Filter>
    </Text>
    <Text Include="..\..\..\..\test\view\CMakeLists.txt">
      <Filter>Test Files\view</Filter>
    </Text>
    <Text Include="..\..\..\..\example\CMakeLists.txt">
      <Filter>Example Files</Filter>
    </Text>
    <Text Include="..\..\..\..\test\numeric\CMakeLists.txt">
      <Filter>Test Files\numeric</Filter>
    </Text>
    <Text Include="..\..\..\..\perf\CMakeLists.txt">
      <Filter>Perf Files</Filter>
    </Text>
    <Text Include="..\..\..\..\test\container\CMakeLists.txt">
      <Filter>Test Files\container</Filter>
    </Text>
  </ItemGroup>
</Project>