<?xml version="1.0" encoding="utf-8"?>
<Project ToolsVersion="4.0" xmlns="http://schemas.microsoft.com/developer/msbuild/2003">
  <ItemGroup>
    <Filter Include="Source Files">
      <UniqueIdentifier>{4FC737F1-C7A5-4376-A066-2A32D752A2FF}</UniqueIdentifier>
      <Extensions>cpp;c;cc;cxx;def;odl;idl;hpj;bat;asm;asmx</Extensions>
    </Filter>
    <Filter Include="Header Files">
      <UniqueIdentifier>{93995380-89BD-4b04-88EB-625FBE52EBFB}</UniqueIdentifier>
      <Extensions>h;hpp;hxx;hm;inl;inc;xsd</Extensions>
    </Filter>
    <Filter Include="Resource Files">
      <UniqueIdentifier>{67DA6AB6-F800-4c08-8B7A-83BB121AAD01}</UniqueIdentifier>
      <Extensions>rc;ico;cur;bmp;dlg;rc2;rct;bin;rgs;gif;jpg;jpeg;jpe;resx;tiff;tif;png;wav;mfcribbon-ms</Extensions>
    </Filter>
    <Filter Include="Header Files\algorithm">
      <UniqueIdentifier>{f87f0a13-772c-4135-936f-f98583a5b7f2}</UniqueIdentifier>
    </Filter>
    <Filter Include="Header Files\utility">
      <UniqueIdentifier>{a46c63d4-ad02-4b7f-b8a4-caf55c25c2b5}</UniqueIdentifier>
    </Filter>
    <Filter Include="Header Files\view">
      <UniqueIdentifier>{1f2a27ab-42a7-4938-911a-25fa526b2316}</UniqueIdentifier>
    </Filter>
    <Filter Include="Doc Files">
      <UniqueIdentifier>{675985ce-8f00-458c-8f93-c8f8d422af97}</UniqueIdentifier>
    </Filter>
    <Filter Include="Header Files\detail">
      <UniqueIdentifier>{66529b85-f87c-4a81-9969-20ddd8e909fe}</UniqueIdentifier>
    </Filter>
  </ItemGroup>
  <ItemGroup>
    <None Include="..\..\..\..\.gitignore" />
    <None Include="..\..\..\..\LICENSE" />
    <None Include="..\..\..\..\README.md" />
    <None Include="..\..\..\..\boost-build.jam" />
    <None Include="..\..\..\..\Jamfile" />
    <None Include="..\..\..\..\Jamroot" />
    <None Include="Jamfile">
      <Filter>Source Files</Filter>
    </None>
    <None Include="Makefile">
      <Filter>Source Files</Filter>
    </None>
    <None Include="..\doc\ranges.qbk">
      <Filter>Doc Files</Filter>
    </None>
    <None Include="..\doc\Jamfile">
      <Filter>Doc Files</Filter>
    </None>
  </ItemGroup>
  <ItemGroup>
    <ClCompile Include="range.cpp">
      <Filter>Source Files</Filter>
    </ClCompile>
  </ItemGroup>
  <ItemGroup>
    <ClInclude Include="..\..\..\..\include\range\v3\begin_end.hpp">
      <Filter>Header Files</Filter>
    </ClInclude>
    <ClInclude Include="..\..\..\..\include\range\v3\istream_range.hpp">
      <Filter>Header Files</Filter>
    </ClInclude>
    <ClInclude Include="..\..\..\..\include\range\v3\iterator_range.hpp">
      <Filter>Header Files</Filter>
    </ClInclude>
    <ClInclude Include="..\..\..\..\include\range\v3\range.hpp">
      <Filter>Header Files</Filter>
    </ClInclude>
    <ClInclude Include="..\..\..\..\include\range\v3\range_fwd.hpp">
      <Filter>Header Files</Filter>
    </ClInclude>
    <ClInclude Include="..\..\..\..\include\range\v3\range_traits.hpp">
      <Filter>Header Files</Filter>
    </ClInclude>
    <ClInclude Include="..\..\..\..\include\range\v3\algorithm\adjacent_find.hpp">
      <Filter>Header Files\algorithm</Filter>
    </ClInclude>
    <ClInclude Include="..\..\..\..\include\range\v3\algorithm.hpp">
      <Filter>Header Files</Filter>
    </ClInclude>
    <ClInclude Include="..\..\..\..\include\range\v3\utility\iterator_facade.hpp">
      <Filter>Header Files\utility</Filter>
    </ClInclude>
    <ClInclude Include="..\..\..\..\include\range\v3\utility\bindable.hpp">
      <Filter>Header Files\utility</Filter>
    </ClInclude>
    <ClInclude Include="..\..\..\..\include\range\v3\utility\concepts.hpp">
      <Filter>Header Files\utility</Filter>
    </ClInclude>
    <ClInclude Include="..\..\..\..\include\range\v3\algorithm\binary_search.hpp">
      <Filter>Header Files\algorithm</Filter>
    </ClInclude>
    <ClInclude Include="..\..\..\..\include\range\v3\algorithm\copy.hpp">
      <Filter>Header Files\algorithm</Filter>
    </ClInclude>
    <ClInclude Include="..\..\..\..\include\range\v3\algorithm\copy_backward.hpp">
      <Filter>Header Files\algorithm</Filter>
    </ClInclude>
    <ClInclude Include="..\..\..\..\include\range\v3\algorithm\count.hpp">
      <Filter>Header Files\algorithm</Filter>
    </ClInclude>
    <ClInclude Include="..\..\..\..\include\range\v3\algorithm\count_if.hpp">
      <Filter>Header Files\algorithm</Filter>
    </ClInclude>
    <ClInclude Include="..\..\..\..\include\range\v3\algorithm\equal.hpp">
      <Filter>Header Files\algorithm</Filter>
    </ClInclude>
    <ClInclude Include="..\..\..\..\include\range\v3\algorithm\equal_range.hpp">
      <Filter>Header Files\algorithm</Filter>
    </ClInclude>
    <ClInclude Include="..\..\..\..\include\range\v3\algorithm\fill.hpp">
      <Filter>Header Files\algorithm</Filter>
    </ClInclude>
    <ClInclude Include="..\..\..\..\include\range\v3\algorithm\fill_n.hpp">
      <Filter>Header Files\algorithm</Filter>
    </ClInclude>
    <ClInclude Include="..\..\..\..\include\range\v3\algorithm\find.hpp">
      <Filter>Header Files\algorithm</Filter>
    </ClInclude>
    <ClInclude Include="..\..\..\..\include\range\v3\algorithm\find_end.hpp">
      <Filter>Header Files\algorithm</Filter>
    </ClInclude>
    <ClInclude Include="..\..\..\..\include\range\v3\algorithm\find_first_of.hpp">
      <Filter>Header Files\algorithm</Filter>
    </ClInclude>
    <ClInclude Include="..\..\..\..\include\range\v3\algorithm\find_if.hpp">
      <Filter>Header Files\algorithm</Filter>
    </ClInclude>
    <ClInclude Include="..\..\..\..\include\range\v3\algorithm\for_each.hpp">
      <Filter>Header Files\algorithm</Filter>
    </ClInclude>
    <ClInclude Include="..\..\..\..\include\range\v3\algorithm\generate.hpp">
      <Filter>Header Files\algorithm</Filter>
    </ClInclude>
    <ClInclude Include="..\..\..\..\include\range\v3\algorithm\heap_algorithm.hpp">
      <Filter>Header Files\algorithm</Filter>
    </ClInclude>
    <ClInclude Include="..\..\..\..\include\range\v3\algorithm\inplace_merge.hpp">
      <Filter>Header Files\algorithm</Filter>
    </ClInclude>
    <ClInclude Include="..\..\..\..\include\range\v3\algorithm\lexicographical_compare.hpp">
      <Filter>Header Files\algorithm</Filter>
    </ClInclude>
    <ClInclude Include="..\..\..\..\include\range\v3\algorithm\lower_bound.hpp">
      <Filter>Header Files\algorithm</Filter>
    </ClInclude>
    <ClInclude Include="..\..\..\..\include\range\v3\algorithm\max_element.hpp">
      <Filter>Header Files\algorithm</Filter>
    </ClInclude>
    <ClInclude Include="..\..\..\..\include\range\v3\algorithm\merge.hpp">
      <Filter>Header Files\algorithm</Filter>
    </ClInclude>
    <ClInclude Include="..\..\..\..\include\range\v3\algorithm\min_element.hpp">
      <Filter>Header Files\algorithm</Filter>
    </ClInclude>
    <ClInclude Include="..\..\..\..\include\range\v3\algorithm\mismatch.hpp">
      <Filter>Header Files\algorithm</Filter>
    </ClInclude>
    <ClInclude Include="..\..\..\..\include\range\v3\algorithm\nth_element.hpp">
      <Filter>Header Files\algorithm</Filter>
    </ClInclude>
    <ClInclude Include="..\..\..\..\include\range\v3\algorithm\partial_sort.hpp">
      <Filter>Header Files\algorithm</Filter>
    </ClInclude>
    <ClInclude Include="..\..\..\..\include\range\v3\algorithm\partial_sort_copy.hpp">
      <Filter>Header Files\algorithm</Filter>
    </ClInclude>
    <ClInclude Include="..\..\..\..\include\range\v3\algorithm\partition.hpp">
      <Filter>Header Files\algorithm</Filter>
    </ClInclude>
    <ClInclude Include="..\..\..\..\include\range\v3\algorithm\permutation.hpp">
      <Filter>Header Files\algorithm</Filter>
    </ClInclude>
    <ClInclude Include="..\..\..\..\include\range\v3\algorithm\random_shuffle.hpp">
      <Filter>Header Files\algorithm</Filter>
    </ClInclude>
    <ClInclude Include="..\..\..\..\include\range\v3\algorithm\remove.hpp">
      <Filter>Header Files\algorithm</Filter>
    </ClInclude>
    <ClInclude Include="..\..\..\..\include\range\v3\algorithm\remove_copy.hpp">
      <Filter>Header Files\algorithm</Filter>
    </ClInclude>
    <ClInclude Include="..\..\..\..\include\range\v3\algorithm\remove_copy_if.hpp">
      <Filter>Header Files\algorithm</Filter>
    </ClInclude>
    <ClInclude Include="..\..\..\..\include\range\v3\algorithm\remove_if.hpp">
      <Filter>Header Files\algorithm</Filter>
    </ClInclude>
    <ClInclude Include="..\..\..\..\include\range\v3\algorithm\replace.hpp">
      <Filter>Header Files\algorithm</Filter>
    </ClInclude>
    <ClInclude Include="..\..\..\..\include\range\v3\algorithm\replace_copy.hpp">
      <Filter>Header Files\algorithm</Filter>
    </ClInclude>
    <ClInclude Include="..\..\..\..\include\range\v3\algorithm\replace_copy_if.hpp">
      <Filter>Header Files\algorithm</Filter>
    </ClInclude>
    <ClInclude Include="..\..\..\..\include\range\v3\algorithm\replace_if.hpp">
      <Filter>Header Files\algorithm</Filter>
    </ClInclude>
    <ClInclude Include="..\..\..\..\include\range\v3\algorithm\reverse.hpp">
      <Filter>Header Files\algorithm</Filter>
    </ClInclude>
    <ClInclude Include="..\..\..\..\include\range\v3\algorithm\reverse_copy.hpp">
      <Filter>Header Files\algorithm</Filter>
    </ClInclude>
    <ClInclude Include="..\..\..\..\include\range\v3\algorithm\rotate.hpp">
      <Filter>Header Files\algorithm</Filter>
    </ClInclude>
    <ClInclude Include="..\..\..\..\include\range\v3\algorithm\rotate_copy.hpp">
      <Filter>Header Files\algorithm</Filter>
    </ClInclude>
    <ClInclude Include="..\..\..\..\include\range\v3\algorithm\search.hpp">
      <Filter>Header Files\algorithm</Filter>
    </ClInclude>
    <ClInclude Include="..\..\..\..\include\range\v3\algorithm\search_n.hpp">
      <Filter>Header Files\algorithm</Filter>
    </ClInclude>
    <ClInclude Include="..\..\..\..\include\range\v3\algorithm\set_algorithm.hpp">
      <Filter>Header Files\algorithm</Filter>
    </ClInclude>
    <ClInclude Include="..\..\..\..\include\range\v3\algorithm\sort.hpp">
      <Filter>Header Files\algorithm</Filter>
    </ClInclude>
    <ClInclude Include="..\..\..\..\include\range\v3\algorithm\stable_partition.hpp">
      <Filter>Header Files\algorithm</Filter>
    </ClInclude>
    <ClInclude Include="..\..\..\..\include\range\v3\algorithm\stable_sort.hpp">
      <Filter>Header Files\algorithm</Filter>
    </ClInclude>
    <ClInclude Include="..\..\..\..\include\range\v3\algorithm\swap_ranges.hpp">
      <Filter>Header Files\algorithm</Filter>
    </ClInclude>
    <ClInclude Include="..\..\..\..\include\range\v3\algorithm\transform.hpp">
      <Filter>Header Files\algorithm</Filter>
    </ClInclude>
    <ClInclude Include="..\..\..\..\include\range\v3\algorithm\unique.hpp">
      <Filter>Header Files\algorithm</Filter>
    </ClInclude>
    <ClInclude Include="..\..\..\..\include\range\v3\algorithm\unique_copy.hpp">
      <Filter>Header Files\algorithm</Filter>
    </ClInclude>
    <ClInclude Include="..\..\..\..\include\range\v3\algorithm\upper_bound.hpp">
      <Filter>Header Files\algorithm</Filter>
    </ClInclude>
    <ClInclude Include="..\..\..\..\include\range\v3\next_prev.hpp">
      <Filter>Header Files</Filter>
    </ClInclude>
    <ClInclude Include="..\..\..\..\include\range\v3\view\const.hpp">
      <Filter>Header Files\view</Filter>
    </ClInclude>
    <ClInclude Include="..\..\..\..\include\range\v3\view\filter.hpp">
      <Filter>Header Files\view</Filter>
    </ClInclude>
    <ClInclude Include="..\..\..\..\include\range\v3\view.hpp">
      <Filter>Header Files</Filter>
    </ClInclude>
    <ClInclude Include="..\..\..\..\include\range\v3\view\transform.hpp">
      <Filter>Header Files\view</Filter>
    </ClInclude>
    <ClInclude Include="..\..\..\..\include\range\v3\view\reverse.hpp">
      <Filter>Header Files\view</Filter>
    </ClInclude>
    <ClInclude Include="..\..\..\..\include\range\v3\view\join.hpp">
      <Filter>Header Files\view</Filter>
    </ClInclude>
    <ClInclude Include="..\..\..\..\include\range\v3\utility\invokable.hpp">
      <Filter>Header Files\utility</Filter>
    </ClInclude>
    <ClInclude Include="..\..\..\..\include\range\v3\utility\compressed_pair.hpp">
      <Filter>Header Files\utility</Filter>
    </ClInclude>
    <ClInclude Include="..\..\..\..\include\range\v3\utility\bind.hpp">
      <Filter>Header Files\utility</Filter>
    </ClInclude>
    <ClInclude Include="..\..\..\..\include\range\v3\utility\integer_sequence.hpp">
      <Filter>Header Files\utility</Filter>
    </ClInclude>
    <ClInclude Include="..\..\..\..\include\range\v3\range_concepts.hpp">
      <Filter>Header Files</Filter>
    </ClInclude>
    <ClInclude Include="..\..\..\..\include\range\v3\utility\iterator_concepts.hpp">
      <Filter>Header Files\utility</Filter>
    </ClInclude>
    <ClInclude Include="..\..\..\..\include\range\v3\utility\iterator_traits.hpp">
      <Filter>Header Files\utility</Filter>
    </ClInclude>
    <ClInclude Include="..\..\..\..\include\range\v3\utility\typelist.hpp">
      <Filter>Header Files\utility</Filter>
    </ClInclude>
    <ClInclude Include="..\..\..\..\include\range\v3\utility\logical_ops.hpp">
      <Filter>Header Files\utility</Filter>
    </ClInclude>
    <ClInclude Include="..\..\..\..\include\range\v3\view\replace.hpp">
      <Filter>Header Files\view</Filter>
    </ClInclude>
    <ClInclude Include="..\..\..\..\include\range\v3\utility\swap.hpp">
      <Filter>Header Files\utility</Filter>
    </ClInclude>
    <ClInclude Include="..\..\..\..\include\range\v3\view\adjacent_filter.hpp">
      <Filter>Header Files\view</Filter>
    </ClInclude>
    <ClInclude Include="..\..\..\..\include\range\v3\view\unique.hpp">
      <Filter>Header Files\view</Filter>
    </ClInclude>
    <ClInclude Include="..\..\..\..\include\range\v3\view\slice.hpp">
      <Filter>Header Files\view</Filter>
    </ClInclude>
    <ClInclude Include="..\..\..\..\include\range\v3\view\indirect.hpp">
      <Filter>Header Files\view</Filter>
    </ClInclude>
    <ClInclude Include="..\..\..\..\include\range\v3\view\map.hpp">
      <Filter>Header Files\view</Filter>
    </ClInclude>
    <ClInclude Include="..\..\..\..\include\range\v3\view\replace_if.hpp">
      <Filter>Header Files\view</Filter>
    </ClInclude>
    <ClInclude Include="..\..\..\..\include\range\v3\view\tokenize.hpp">
      <Filter>Header Files\view</Filter>
    </ClInclude>
    <ClInclude Include="..\..\..\..\include\range\v3\view\stride.hpp">
      <Filter>Header Files\view</Filter>
    </ClInclude>
    <ClInclude Include="..\..\..\..\include\range\v3\detail\advance_bounded.hpp">
      <Filter>Header Files\detail</Filter>
    </ClInclude>
    <ClInclude Include="..\..\..\..\include\range\v3\utility\box.hpp">
      <Filter>Header Files\utility</Filter>
    </ClInclude>
    <ClInclude Include="..\..\..\..\include\range\v3\distance.hpp">
      <Filter>Header Files</Filter>
    </ClInclude>
    <ClInclude Include="..\..\..\..\include\range\v3\size.hpp">
      <Filter>Header Files</Filter>
    </ClInclude>
    <ClInclude Include="..\..\..\..\include\range\v3\numeric.hpp">
      <Filter>Header Files</Filter>
    </ClInclude>
    <ClInclude Include="..\..\..\..\include\range\v3\view\zip.hpp">
      <Filter>Header Files\view</Filter>
    </ClInclude>
    <ClInclude Include="..\..\..\..\include\range\v3\utility\tuple_algorithm.hpp">
      <Filter>Header Files\utility</Filter>
    </ClInclude>
    <ClInclude Include="..\..\..\..\include\range\v3\utility\iterator_adaptor.hpp">
      <Filter>Header Files\utility</Filter>
    </ClInclude>
    <ClInclude Include="..\..\..\..\include\range\v3\view\move.hpp">
      <Filter>Header Files\view</Filter>
    </ClInclude>
  </ItemGroup>
</Project>